// !$*UTF8*$!
{
	archiveVersion = 1;
	classes = {
	};
	objectVersion = 46;
	objects = {

/* Begin PBXBuildFile section */
		7A02AE391BDABE2D00C6EAB3 /* main.cpp in Sources */ = {isa = PBXBuildFile; fileRef = 7A02AE381BDABE2D00C6EAB3 /* main.cpp */; };
		7A02AE421BDAC0D100C6EAB3 /* libopencv_core.2.4.12.dylib in Frameworks */ = {isa = PBXBuildFile; fileRef = 7A02AE3F1BDAC0D100C6EAB3 /* libopencv_core.2.4.12.dylib */; };
		7A02AE431BDAC0D100C6EAB3 /* libopencv_highgui.2.4.12.dylib in Frameworks */ = {isa = PBXBuildFile; fileRef = 7A02AE401BDAC0D100C6EAB3 /* libopencv_highgui.2.4.12.dylib */; };
		7A02AE441BDAC0D100C6EAB3 /* libopencv_imgproc.2.4.12.dylib in Frameworks */ = {isa = PBXBuildFile; fileRef = 7A02AE411BDAC0D100C6EAB3 /* libopencv_imgproc.2.4.12.dylib */; };
/* End PBXBuildFile section */

/* Begin PBXCopyFilesBuildPhase section */
		7A02AE331BDABE2C00C6EAB3 /* CopyFiles */ = {
			isa = PBXCopyFilesBuildPhase;
			buildActionMask = 2147483647;
			dstPath = /usr/share/man/man1/;
			dstSubfolderSpec = 0;
			files = (
			);
			runOnlyForDeploymentPostprocessing = 1;
		};
/* End PBXCopyFilesBuildPhase section */

/* Begin PBXFileReference section */
		7A02AE351BDABE2C00C6EAB3 /* OpenCVTutorial */ = {isa = PBXFileReference; explicitFileType = "compiled.mach-o.executable"; includeInIndex = 0; path = OpenCVTutorial; sourceTree = BUILT_PRODUCTS_DIR; };
		7A02AE381BDABE2D00C6EAB3 /* main.cpp */ = {isa = PBXFileReference; lastKnownFileType = sourcecode.cpp.cpp; path = main.cpp; sourceTree = "<group>"; };
		7A02AE3F1BDAC0D100C6EAB3 /* libopencv_core.2.4.12.dylib */ = {isa = PBXFileReference; lastKnownFileType = "compiled.mach-o.dylib"; name = libopencv_core.2.4.12.dylib; path = ../../../../../usr/local/Cellar/opencv/2.4.12/lib/libopencv_core.2.4.12.dylib; sourceTree = "<group>"; };
		7A02AE401BDAC0D100C6EAB3 /* libopencv_highgui.2.4.12.dylib */ = {isa = PBXFileReference; lastKnownFileType = "compiled.mach-o.dylib"; name = libopencv_highgui.2.4.12.dylib; path = ../../../../../usr/local/Cellar/opencv/2.4.12/lib/libopencv_highgui.2.4.12.dylib; sourceTree = "<group>"; };
		7A02AE411BDAC0D100C6EAB3 /* libopencv_imgproc.2.4.12.dylib */ = {isa = PBXFileReference; lastKnownFileType = "compiled.mach-o.dylib"; name = libopencv_imgproc.2.4.12.dylib; path = ../../../../../usr/local/Cellar/opencv/2.4.12/lib/libopencv_imgproc.2.4.12.dylib; sourceTree = "<group>"; };
/* End PBXFileReference section */

/* Begin PBXFrameworksBuildPhase section */
		7A02AE321BDABE2C00C6EAB3 /* Frameworks */ = {
			isa = PBXFrameworksBuildPhase;
			buildActionMask = 2147483647;
			files = (
				7A02AE421BDAC0D100C6EAB3 /* libopencv_core.2.4.12.dylib in Frameworks */,
				7A02AE431BDAC0D100C6EAB3 /* libopencv_highgui.2.4.12.dylib in Frameworks */,
				7A02AE441BDAC0D100C6EAB3 /* libopencv_imgproc.2.4.12.dylib in Frameworks */,
			);
			runOnlyForDeploymentPostprocessing = 0;
		};
/* End PBXFrameworksBuildPhase section */

/* Begin PBXGroup section */
		7A02AE2C1BDABE2C00C6EAB3 = {
			isa = PBXGroup;
			children = (
				7A02AE3F1BDAC0D100C6EAB3 /* libopencv_core.2.4.12.dylib */,
				7A02AE401BDAC0D100C6EAB3 /* libopencv_highgui.2.4.12.dylib */,
				7A02AE411BDAC0D100C6EAB3 /* libopencv_imgproc.2.4.12.dylib */,
				7A02AE371BDABE2C00C6EAB3 /* OpenCVTutorial */,
				7A02AE361BDABE2C00C6EAB3 /* Products */,
			);
			sourceTree = "<group>";
		};
		7A02AE361BDABE2C00C6EAB3 /* Products */ = {
			isa = PBXGroup;
			children = (
				7A02AE351BDABE2C00C6EAB3 /* OpenCVTutorial */,
			);
			name = Products;
			sourceTree = "<group>";
		};
		7A02AE371BDABE2C00C6EAB3 /* OpenCVTutorial */ = {
			isa = PBXGroup;
			children = (
				7A02AE381BDABE2D00C6EAB3 /* main.cpp */,
			);
			path = OpenCVTutorial;
			sourceTree = "<group>";
		};
/* End PBXGroup section */

/* Begin PBXNativeTarget section */
		7A02AE341BDABE2C00C6EAB3 /* OpenCVTutorial */ = {
			isa = PBXNativeTarget;
			buildConfigurationList = 7A02AE3C1BDABE2D00C6EAB3 /* Build configuration list for PBXNativeTarget "OpenCVTutorial" */;
			buildPhases = (
				7A02AE311BDABE2C00C6EAB3 /* Sources */,
				7A02AE321BDABE2C00C6EAB3 /* Frameworks */,
				7A02AE331BDABE2C00C6EAB3 /* CopyFiles */,
			);
			buildRules = (
			);
			dependencies = (
			);
			name = OpenCVTutorial;
			productName = OpenCVTutorial;
			productReference = 7A02AE351BDABE2C00C6EAB3 /* OpenCVTutorial */;
			productType = "com.apple.product-type.tool";
		};
/* End PBXNativeTarget section */

/* Begin PBXProject section */
		7A02AE2D1BDABE2C00C6EAB3 /* Project object */ = {
			isa = PBXProject;
			attributes = {
				LastUpgradeCheck = 0640;
				ORGANIZATIONNAME = asfour;
				TargetAttributes = {
					7A02AE341BDABE2C00C6EAB3 = {
						CreatedOnToolsVersion = 6.4;
					};
				};
			};
			buildConfigurationList = 7A02AE301BDABE2C00C6EAB3 /* Build configuration list for PBXProject "OpenCVTutorial" */;
			compatibilityVersion = "Xcode 3.2";
			developmentRegion = English;
			hasScannedForEncodings = 0;
			knownRegions = (
				en,
			);
			mainGroup = 7A02AE2C1BDABE2C00C6EAB3;
			productRefGroup = 7A02AE361BDABE2C00C6EAB3 /* Products */;
			projectDirPath = "";
			projectRoot = "";
			targets = (
				7A02AE341BDABE2C00C6EAB3 /* OpenCVTutorial */,
			);
		};
/* End PBXProject section */

/* Begin PBXSourcesBuildPhase section */
		7A02AE311BDABE2C00C6EAB3 /* Sources */ = {
			isa = PBXSourcesBuildPhase;
			buildActionMask = 2147483647;
			files = (
				7A02AE391BDABE2D00C6EAB3 /* main.cpp in Sources */,
			);
			runOnlyForDeploymentPostprocessing = 0;
		};
/* End PBXSourcesBuildPhase section */

/* Begin XCBuildConfiguration section */
		7A02AE3A1BDABE2D00C6EAB3 /* Debug */ = {
			isa = XCBuildConfiguration;
			buildSettings = {
				ALWAYS_SEARCH_USER_PATHS = YES;
				CLANG_CXX_LANGUAGE_STANDARD = "gnu++0x";
				CLANG_CXX_LIBRARY = "libc++";
				CLANG_ENABLE_MODULES = YES;
				CLANG_ENABLE_OBJC_ARC = YES;
				CLANG_WARN_BOOL_CONVERSION = YES;
				CLANG_WARN_CONSTANT_CONVERSION = YES;
				CLANG_WARN_DIRECT_OBJC_ISA_USAGE = YES_ERROR;
				CLANG_WARN_EMPTY_BODY = YES;
				CLANG_WARN_ENUM_CONVERSION = YES;
				CLANG_WARN_INT_CONVERSION = YES;
				CLANG_WARN_OBJC_ROOT_CLASS = YES_ERROR;
				CLANG_WARN_UNREACHABLE_CODE = YES;
				CLANG_WARN__DUPLICATE_METHOD_MATCH = YES;
				COPY_PHASE_STRIP = NO;
				DEBUG_INFORMATION_FORMAT = dwarf;
				ENABLE_STRICT_OBJC_MSGSEND = YES;
				GCC_C_LANGUAGE_STANDARD = gnu99;
				GCC_DYNAMIC_NO_PIC = NO;
				GCC_NO_COMMON_BLOCKS = YES;
				GCC_OPTIMIZATION_LEVEL = 0;
				GCC_PREPROCESSOR_DEFINITIONS = (
					"DEBUG=1",
					"$(inherited)",
				);
				GCC_SYMBOLS_PRIVATE_EXTERN = NO;
				GCC_WARN_64_TO_32_BIT_CONVERSION = YES;
				GCC_WARN_ABOUT_RETURN_TYPE = YES_ERROR;
				GCC_WARN_UNDECLARED_SELECTOR = YES;
				GCC_WARN_UNINITIALIZED_AUTOS = YES_AGGRESSIVE;
				GCC_WARN_UNUSED_FUNCTION = YES;
				GCC_WARN_UNUSED_VARIABLE = YES;
				MACOSX_DEPLOYMENT_TARGET = 10.10;
				MTL_ENABLE_DEBUG_INFO = YES;
				ONLY_ACTIVE_ARCH = YES;
				SDKROOT = macosx;
			};
			name = Debug;
		};
		7A02AE3B1BDABE2D00C6EAB3 /* Release */ = {
			isa = XCBuildConfiguration;
			buildSettings = {
				ALWAYS_SEARCH_USER_PATHS = YES;
				CLANG_CXX_LANGUAGE_STANDARD = "gnu++0x";
				CLANG_CXX_LIBRARY = "libc++";
				CLANG_ENABLE_MODULES = YES;
				CLANG_ENABLE_OBJC_ARC = YES;
				CLANG_WARN_BOOL_CONVERSION = YES;
				CLANG_WARN_CONSTANT_CONVERSION = YES;
				CLANG_WARN_DIRECT_OBJC_ISA_USAGE = YES_ERROR;
				CLANG_WARN_EMPTY_BODY = YES;
				CLANG_WARN_ENUM_CONVERSION = YES;
				CLANG_WARN_INT_CONVERSION = YES;
				CLANG_WARN_OBJC_ROOT_CLASS = YES_ERROR;
				CLANG_WARN_UNREACHABLE_CODE = YES;
				CLANG_WARN__DUPLICATE_METHOD_MATCH = YES;
				COPY_PHASE_STRIP = NO;
				DEBUG_INFORMATION_FORMAT = "dwarf-with-dsym";
				ENABLE_NS_ASSERTIONS = NO;
				ENABLE_STRICT_OBJC_MSGSEND = YES;
				GCC_C_LANGUAGE_STANDARD = gnu99;
				GCC_NO_COMMON_BLOCKS = YES;
				GCC_WARN_64_TO_32_BIT_CONVERSION = YES;
				GCC_WARN_ABOUT_RETURN_TYPE = YES_ERROR;
				GCC_WARN_UNDECLARED_SELECTOR = YES;
				GCC_WARN_UNINITIALIZED_AUTOS = YES_AGGRESSIVE;
				GCC_WARN_UNUSED_FUNCTION = YES;
				GCC_WARN_UNUSED_VARIABLE = YES;
				MACOSX_DEPLOYMENT_TARGET = 10.10;
				MTL_ENABLE_DEBUG_INFO = NO;
				SDKROOT = macosx;
			};
			name = Release;
		};
		7A02AE3D1BDABE2D00C6EAB3 /* Debug */ = {
			isa = XCBuildConfiguration;
			buildSettings = {
				FRAMEWORK_SEARCH_PATHS = /usr/local/lib;
				"FRAMEWORK_SEARCH_PATHS[arch=*]" = /usr/local/lib;
				HEADER_SEARCH_PATHS = (
					"$(inherited)",
					/Applications/Xcode.app/Contents/Developer/Toolchains/XcodeDefault.xctoolchain/usr/include,
					/usr/local/include,
				);
				LIBRARY_SEARCH_PATHS = /usr/local/Cellar/opencv/2.4.12/lib;
				PRODUCT_NAME = "$(TARGET_NAME)";
			};
			name = Debug;
		};
		7A02AE3E1BDABE2D00C6EAB3 /* Release */ = {
			isa = XCBuildConfiguration;
			buildSettings = {
				FRAMEWORK_SEARCH_PATHS = /usr/local/lib;
				HEADER_SEARCH_PATHS = (
					"$(inherited)",
					/Applications/Xcode.app/Contents/Developer/Toolchains/XcodeDefault.xctoolchain/usr/include,
					/usr/local/include,
				);
				LIBRARY_SEARCH_PATHS = /usr/local/Cellar/opencv/2.4.12/lib;
				PRODUCT_NAME = "$(TARGET_NAME)";
			};
			name = Release;
		};
/* End XCBuildConfiguration section */

/* Begin XCConfigurationList section */
		7A02AE301BDABE2C00C6EAB3 /* Build configuration list for PBXProject "OpenCVTutorial" */ = {
			isa = XCConfigurationList;
			buildConfigurations = (
				7A02AE3A1BDABE2D00C6EAB3 /* Debug */,
				7A02AE3B1BDABE2D00C6EAB3 /* Release */,
			);
			defaultConfigurationIsVisible = 0;
			defaultConfigurationName = Release;
		};
		7A02AE3C1BDABE2D00C6EAB3 /* Build configuration list for PBXNativeTarget "OpenCVTutorial" */ = {
			isa = XCConfigurationList;
			buildConfigurations = (
				7A02AE3D1BDABE2D00C6EAB3 /* Debug */,
				7A02AE3E1BDABE2D00C6EAB3 /* Release */,
			);
			defaultConfigurationIsVisible = 0;
		};
/* End XCConfigurationList section */
	};
	rootObject = 7A02AE2D1BDABE2C00C6EAB3 /* Project object */;
}
